{
  "nodes": {
    "flake-utils": {
      "locked": {
        "lastModified": 1644229661,
        "narHash": "sha256-1YdnJAsNy69bpcjuoKdOYQX0YxZBiCYZo4Twxerqv7k=",
        "owner": "numtide",
        "repo": "flake-utils",
        "rev": "3cecb5b042f7f209c56ffd8371b2711a290ec797",
        "type": "github"
      },
      "original": {
        "owner": "numtide",
        "repo": "flake-utils",
        "type": "github"
      }
    },
    "fortanix-sgx-tools": {
      "inputs": {
        "flake-utils": [
          "flake-utils"
        ],
        "nixpkgs": [
          "nixpkgs"
        ],
        "rust-overlay": [
          "rust-overlay"
        ]
      },
      "locked": {
        "dir": "fortanix-sgx-tools",
        "lastModified": 1645943033,
        "narHash": "sha256-XnUNkgaCgsmLTPOdx2Od7ZtpJ5M1P3KhCodBHds+VSg=",
        "owner": "initc3",
        "repo": "nix-fortanix",
        "rev": "574007f69efc230e6b4464799b366b8f8797200e",
        "type": "github"
      },
      "original": {
        "dir": "fortanix-sgx-tools",
        "owner": "initc3",
        "repo": "nix-fortanix",
        "type": "github"
      }
    },
    "nixpkgs": {
      "locked": {
        "lastModified": 1646271573,
        "narHash": "sha256-X0W5eTiYzfgzEKkhYBLaGqA1aodKyledNDcqNx/r+e8=",
        "owner": "nixos",
        "repo": "nixpkgs",
        "rev": "7a3e6d6604ad99c77e7a98943734bdeea564bff2",
        "type": "github"
      },
      "original": {
        "owner": "nixos",
        "ref": "nixpkgs-unstable",
        "repo": "nixpkgs",
        "type": "github"
      }
    },
    "oasis-core-tools": {
      "inputs": {
        "flake-utils": [
          "flake-utils"
        ],
        "nixpkgs": [
          "nixpkgs"
        ],
        "rust-overlay": [
          "rust-overlay"
        ]
      },
      "locked": {
        "lastModified": 1646189801,
        "narHash": "sha256-8afkHpgo7Z+dlV7SuFlZLwPEIB4nwV4GUryscHLa/9I=",
        "owner": "sbellem",
        "repo": "oasis-core",
        "rev": "142c5daf74fecc5533fc50589b06b3117a509cb0",
        "type": "github"
      },
      "original": {
        "owner": "sbellem",
        "repo": "oasis-core",
        "rev": "142c5daf74fecc5533fc50589b06b3117a509cb0",
        "type": "github"
      }
    },
    "root": {
      "inputs": {
        "flake-utils": "flake-utils",
        "fortanix-sgx-tools": "fortanix-sgx-tools",
        "nixpkgs": "nixpkgs",
        "oasis-core-tools": "oasis-core-tools",
        "rust-overlay": "rust-overlay",
        "sgxs-tools": "sgxs-tools"
      }
    },
    "rust-overlay": {
      "inputs": {
        "flake-utils": [
          "flake-utils"
        ],
        "nixpkgs": [
          "nixpkgs"
        ]
      },
      "locked": {
        "lastModified": 1646274381,
        "narHash": "sha256-kglX5g7HhSWiTGKz1WOA8DWclj0Wwsq8I50wgY4eS3I=",
        "owner": "oxalica",
        "repo": "rust-overlay",
        "rev": "245c2712f502849041a1b1d0cc6a7588e94b2e3f",
        "type": "github"
      },
      "original": {
        "owner": "oxalica",
        "repo": "rust-overlay",
        "type": "github"
      }
    },
    "sgxs-tools": {
      "inputs": {
        "flake-utils": [
          "flake-utils"
        ],
        "nixpkgs": [
          "nixpkgs"
        ],
        "rust-overlay": [
          "rust-overlay"
        ]
      },
      "locked": {
        "dir": "sgxs-tools",
        "lastModified": 1645943033,
        "narHash": "sha256-XnUNkgaCgsmLTPOdx2Od7ZtpJ5M1P3KhCodBHds+VSg=",
        "owner": "initc3",
        "repo": "nix-fortanix",
        "rev": "574007f69efc230e6b4464799b366b8f8797200e",
        "type": "github"
      },
      "original": {
        "dir": "sgxs-tools",
        "owner": "initc3",
        "repo": "nix-fortanix",
        "type": "github"
      }
    }
  },
  "root": "root",
  "version": 7
}
