{
  "nodes": {
    "flake-utils": {
      "locked": {
        "lastModified": 1644229661,
        "narHash": "sha256-1YdnJAsNy69bpcjuoKdOYQX0YxZBiCYZo4Twxerqv7k=",
        "owner": "numtide",
        "repo": "flake-utils",
        "rev": "3cecb5b042f7f209c56ffd8371b2711a290ec797",
        "type": "github"
      },
      "original": {
        "owner": "numtide",
        "repo": "flake-utils",
        "type": "github"
      }
    },
    "fortanix-sgx-tools": {
      "inputs": {
        "flake-utils": [
          "flake-utils"
        ],
        "nixpkgs": [
          "nixpkgs"
        ],
        "rust-overlay": [
          "rust-overlay"
        ]
      },
      "locked": {
        "lastModified": 1646375549,
        "narHash": "sha256-0DO1NjmV8shWAZUywUEiFV4DRnPuqmsRBUKoKzPrM8k=",
        "owner": "sbellem",
        "repo": "fortanix-sgx-tools",
        "rev": "1feba1667c8b12c94dddd072961963555b629164",
        "type": "github"
      },
      "original": {
        "owner": "sbellem",
        "repo": "fortanix-sgx-tools",
        "type": "github"
      }
    },
    "nixpkgs": {
      "locked": {
        "lastModified": 1646506091,
        "narHash": "sha256-sWNAJE2m+HOh1jtXlHcnhxsj6/sXrHgbqVNcVRlveK4=",
        "owner": "nixos",
        "repo": "nixpkgs",
        "rev": "3e644bd62489b516292c816f70bf0052c693b3c7",
        "type": "github"
      },
      "original": {
        "owner": "nixos",
        "ref": "nixpkgs-unstable",
        "repo": "nixpkgs",
        "type": "github"
      }
    },
    "oasis-core-tools": {
      "inputs": {
        "flake-utils": [
          "flake-utils"
        ],
        "nixpkgs": [
          "nixpkgs"
        ],
        "rust-overlay": [
          "rust-overlay"
        ]
      },
      "locked": {
        "lastModified": 1646547632,
        "narHash": "sha256-4/RV2wJfTR5bJKS0zZLw/4jjlnZxhDm7tzQw/h5YIrA=",
        "owner": "sbellem",
        "repo": "oasis-core",
        "rev": "a6235b4a04a3d6a26153bd205315a980fec29b53",
        "type": "github"
      },
      "original": {
        "owner": "sbellem",
        "ref": "nix",
        "repo": "oasis-core",
        "type": "github"
      }
    },
    "root": {
      "inputs": {
        "flake-utils": "flake-utils",
        "fortanix-sgx-tools": "fortanix-sgx-tools",
        "nixpkgs": "nixpkgs",
        "oasis-core-tools": "oasis-core-tools",
        "rust-overlay": "rust-overlay",
        "sgxs-tools": "sgxs-tools"
      }
    },
    "rust-overlay": {
      "inputs": {
        "flake-utils": [
          "flake-utils"
        ],
        "nixpkgs": [
          "nixpkgs"
        ]
      },
      "locked": {
        "lastModified": 1646792695,
        "narHash": "sha256-2drCXIKIQnJMlTZbcCfuHZAh+iPcdlRkCqtZnA6MHLY=",
        "owner": "oxalica",
        "repo": "rust-overlay",
        "rev": "7f599870402c8d2a5806086c8ee0f2d92b175c54",
        "type": "github"
      },
      "original": {
        "owner": "oxalica",
        "repo": "rust-overlay",
        "type": "github"
      }
    },
    "sgxs-tools": {
      "inputs": {
        "flake-utils": [
          "flake-utils"
        ],
        "nixpkgs": [
          "nixpkgs"
        ],
        "rust-overlay": [
          "rust-overlay"
        ]
      },
      "locked": {
        "lastModified": 1646468212,
        "narHash": "sha256-TQBum/SUhVcVh6Lx9z8j2AkBF/ytwSyRyJdMP8NvlCw=",
        "owner": "sbellem",
        "repo": "sgxs-tools",
        "rev": "ec60d0a8b95a2248dead3032b4d35e95bcc5e56a",
        "type": "github"
      },
      "original": {
        "owner": "sbellem",
        "repo": "sgxs-tools",
        "type": "github"
      }
    }
  },
  "root": "root",
  "version": 7
}
